
Microsoft Visual Studio Solution File, Format Version 12.00
# Visual Studio Version 17
VisualStudioVersion = 17.1.32414.318
MinimumVisualStudioVersion = 10.0.40219.1
Project("{FAE04EC0-301F-11D3-BF4B-00C04F79EFBC}") = "UC1emp_present_absent", "UC1emp_present_absent\UC1emp_present_absent.csproj", "{FBC6DB8C-3339-44A7-AAA2-3FE203A6DA12}"
EndProject
Global
	GlobalSection(SolutionConfigurationPlatforms) = preSolution
		Debug|Any CPU = Debug|Any CPU
		Release|Any CPU = Release|Any CPU
	EndGlobalSection
	GlobalSection(ProjectConfigurationPlatforms) = postSolution
		{FBC6DB8C-3339-44A7-AAA2-3FE203A6DA12}.Debug|Any CPU.ActiveCfg = Debug|Any CPU
		{FBC6DB8C-3339-44A7-AAA2-3FE203A6DA12}.Debug|Any CPU.Build.0 = Debug|Any CPU
		{FBC6DB8C-3339-44A7-AAA2-3FE203A6DA12}.Release|Any CPU.ActiveCfg = Release|Any CPU
		{FBC6DB8C-3339-44A7-AAA2-3FE203A6DA12}.Release|Any CPU.Build.0 = Release|Any CPU
	EndGlobalSection
	GlobalSection(SolutionProperties) = preSolution
		HideSolutionNode = FALSE
	EndGlobalSection
	GlobalSection(ExtensibilityGlobals) = postSolution
		SolutionGuid = {54DC9415-44FF-4102-B56E-C4F55E89AFD5}
	EndGlobalSection
EndGlobal
